{
  "version": 4,
  "terraform_version": "1.12.2",
  "serial": 18,
  "lineage": "0224b41b-333e-1b42-c7a7-415bf0c647cb",
  "outputs": {
    "key_pair_name": {
      "value": "my-custom-ec2-key",
      "type": "string"
    },
    "private_ec2_private_ip": {
      "value": "10.0.2.137",
      "type": "string"
    },
    "private_key_path": {
      "value": "./my-custom-ec2-key.pem",
      "type": "string"
    },
    "public_ec2_ip": {
      "value": "3.81.208.121",
      "type": "string"
    }
  },
  "resources": [
    {
      "mode": "data",
      "type": "aws_ami",
      "name": "amazon_linux_2",
      "provider": "provider[\"registry.terraform.io/hashicorp/aws\"]",
      "instances": [
        {
          "schema_version": 0,
          "attributes": {
            "allow_unsafe_filter": null,
            "architecture": "x86_64",
            "arn": "arn:aws:ec2:us-east-1::image/ami-0c6ebb5b9bce4ba15",
            "block_device_mappings": [
              {
                "device_name": "/dev/xvda",
                "ebs": {
                  "delete_on_termination": "true",
                  "encrypted": "false",
                  "iops": "0",
                  "snapshot_id": "snap-0c819b394123c6700",
                  "throughput": "0",
                  "volume_initialization_rate": "0",
                  "volume_size": "8",
                  "volume_type": "gp2"
                },
                "no_device": "",
                "virtual_name": ""
              }
            ],
            "boot_mode": "",
            "creation_date": "2025-06-20T08:42:15.000Z",
            "deprecation_time": "2025-09-18T08:42:00.000Z",
            "description": "Amazon Linux 2 AMI 2.0.20250623.0 x86_64 HVM gp2",
            "ena_support": true,
            "executable_users": null,
            "filter": [
              {
                "name": "architecture",
                "values": [
                  "x86_64"
                ]
              },
              {
                "name": "name",
                "values": [
                  "amzn2-ami-hvm-*-x86_64-gp2"
                ]
              },
              {
                "name": "virtualization-type",
                "values": [
                  "hvm"
                ]
              }
            ],
            "hypervisor": "xen",
            "id": "ami-0c6ebb5b9bce4ba15",
            "image_id": "ami-0c6ebb5b9bce4ba15",
            "image_location": "amazon/amzn2-ami-hvm-2.0.20250623.0-x86_64-gp2",
            "image_owner_alias": "amazon",
            "image_type": "machine",
            "imds_support": "",
            "include_deprecated": false,
            "kernel_id": "",
            "last_launched_time": "",
            "most_recent": true,
            "name": "amzn2-ami-hvm-2.0.20250623.0-x86_64-gp2",
            "name_regex": null,
            "owner_id": "137112412989",
            "owners": [
              "amazon"
            ],
            "platform": "",
            "platform_details": "Linux/UNIX",
            "product_codes": [],
            "public": true,
            "ramdisk_id": "",
            "region": "us-east-1",
            "root_device_name": "/dev/xvda",
            "root_device_type": "ebs",
            "root_snapshot_id": "snap-0c819b394123c6700",
            "sriov_net_support": "simple",
            "state": "available",
            "state_reason": {
              "code": "UNSET",
              "message": "UNSET"
            },
            "tags": {},
            "timeouts": null,
            "tpm_support": "",
            "uefi_data": null,
            "usage_operation": "RunInstances",
            "virtualization_type": "hvm"
          },
          "sensitive_attributes": [],
          "identity_schema_version": 0
        }
      ]
    },
    {
      "mode": "managed",
      "type": "aws_eip",
      "name": "nat_gateway_eip",
      "provider": "provider[\"registry.terraform.io/hashicorp/aws\"]",
      "instances": [
        {
          "schema_version": 0,
          "attributes": {
            "address": null,
            "allocation_id": "eipalloc-03b2178ce88fb76f6",
            "arn": "arn:aws:ec2:us-east-1:975050042636:elastic-ip/eipalloc-03b2178ce88fb76f6",
            "associate_with_private_ip": null,
            "association_id": "",
            "carrier_ip": "",
            "customer_owned_ip": "",
            "customer_owned_ipv4_pool": "",
            "domain": "vpc",
            "id": "eipalloc-03b2178ce88fb76f6",
            "instance": "",
            "ipam_pool_id": null,
            "network_border_group": "us-east-1",
            "network_interface": "",
            "private_dns": null,
            "private_ip": "",
            "ptr_record": "",
            "public_dns": "ec2-34-234-254-194.compute-1.amazonaws.com",
            "public_ip": "34.234.254.194",
            "public_ipv4_pool": "amazon",
            "region": "us-east-1",
            "tags": {
              "Name": "NATGatewayEIP"
            },
            "tags_all": {
              "Name": "NATGatewayEIP"
            },
            "timeouts": null
          },
          "sensitive_attributes": [],
          "identity_schema_version": 0,
          "private": "eyJlMmJmYjczMC1lY2FhLTExZTYtOGY4OC0zNDM2M2JjN2M0YzAiOnsiZGVsZXRlIjoxODAwMDAwMDAwMDAsInJlYWQiOjkwMDAwMDAwMDAwMCwidXBkYXRlIjozMDAwMDAwMDAwMDB9fQ=="
        }
      ]
    },
    {
      "mode": "managed",
      "type": "aws_instance",
      "name": "private_app_server",
      "provider": "provider[\"registry.terraform.io/hashicorp/aws\"]",
      "instances": [
        {
          "schema_version": 2,
          "attributes": {
            "ami": "ami-0c6ebb5b9bce4ba15",
            "arn": "arn:aws:ec2:us-east-1:975050042636:instance/i-03fa6057974cd1c6f",
            "associate_public_ip_address": false,
            "availability_zone": "us-east-1a",
            "capacity_reservation_specification": [
              {
                "capacity_reservation_preference": "open",
                "capacity_reservation_target": []
              }
            ],
            "cpu_options": [
              {
                "amd_sev_snp": "",
                "core_count": 1,
                "threads_per_core": 1
              }
            ],
            "credit_specification": [
              {
                "cpu_credits": "standard"
              }
            ],
            "disable_api_stop": false,
            "disable_api_termination": false,
            "ebs_block_device": [],
            "ebs_optimized": false,
            "enable_primary_ipv6": null,
            "enclave_options": [
              {
                "enabled": false
              }
            ],
            "ephemeral_block_device": [],
            "get_password_data": false,
            "hibernation": false,
            "host_id": "",
            "host_resource_group_arn": null,
            "iam_instance_profile": "",
            "id": "i-03fa6057974cd1c6f",
            "instance_initiated_shutdown_behavior": "stop",
            "instance_lifecycle": "",
            "instance_market_options": [],
            "instance_state": "running",
            "instance_type": "t2.micro",
            "ipv6_address_count": 0,
            "ipv6_addresses": [],
            "key_name": "my-custom-ec2-key",
            "launch_template": [],
            "maintenance_options": [
              {
                "auto_recovery": "default"
              }
            ],
            "metadata_options": [
              {
                "http_endpoint": "enabled",
                "http_protocol_ipv6": "disabled",
                "http_put_response_hop_limit": 1,
                "http_tokens": "optional",
                "instance_metadata_tags": "disabled"
              }
            ],
            "monitoring": false,
            "network_interface": [],
            "outpost_arn": "",
            "password_data": "",
            "placement_group": "",
            "placement_partition_number": 0,
            "primary_network_interface_id": "eni-094e678b2e1e34d57",
            "private_dns": "ip-10-0-2-137.ec2.internal",
            "private_dns_name_options": [
              {
                "enable_resource_name_dns_a_record": false,
                "enable_resource_name_dns_aaaa_record": false,
                "hostname_type": "ip-name"
              }
            ],
            "private_ip": "10.0.2.137",
            "public_dns": "",
            "public_ip": "",
            "region": "us-east-1",
            "root_block_device": [
              {
                "delete_on_termination": true,
                "device_name": "/dev/xvda",
                "encrypted": false,
                "iops": 100,
                "kms_key_id": "",
                "tags": {},
                "tags_all": {},
                "throughput": 0,
                "volume_id": "vol-0bb0d4d797f31370d",
                "volume_size": 8,
                "volume_type": "gp2"
              }
            ],
            "secondary_private_ips": [],
            "security_groups": [],
            "source_dest_check": true,
            "spot_instance_request_id": "",
            "subnet_id": "subnet-0920b44fe2366a3fd",
            "tags": {
              "Name": "PrivateAppServer"
            },
            "tags_all": {
              "Name": "PrivateAppServer"
            },
            "tenancy": "default",
            "timeouts": null,
            "user_data": null,
            "user_data_base64": null,
            "user_data_replace_on_change": false,
            "volume_tags": null,
            "vpc_security_group_ids": [
              "sg-0cfdfbbf12b1c51fc"
            ]
          },
          "sensitive_attributes": [],
          "identity_schema_version": 0,
          "private": "eyJlMmJmYjczMC1lY2FhLTExZTYtOGY4OC0zNDM2M2JjN2M0YzAiOnsiY3JlYXRlIjo2MDAwMDAwMDAwMDAsImRlbGV0ZSI6MTIwMDAwMDAwMDAwMCwicmVhZCI6OTAwMDAwMDAwMDAwLCJ1cGRhdGUiOjYwMDAwMDAwMDAwMH0sInNjaGVtYV92ZXJzaW9uIjoiMiJ9",
          "dependencies": [
            "aws_key_pair.ec2_key_pair",
            "aws_security_group.private_ec2_sg",
            "aws_security_group.public_ec2_sg",
            "aws_subnet.private_subnet",
            "aws_vpc.custom_vpc",
            "data.aws_ami.amazon_linux_2",
            "tls_private_key.ec2_ssh_key"
          ]
        }
      ]
    },
    {
      "mode": "managed",
      "type": "aws_instance",
      "name": "public_web_server",
      "provider": "provider[\"registry.terraform.io/hashicorp/aws\"]",
      "instances": [
        {
          "schema_version": 2,
          "attributes": {
            "ami": "ami-0c6ebb5b9bce4ba15",
            "arn": "arn:aws:ec2:us-east-1:975050042636:instance/i-0e4dddae41481bb66",
            "associate_public_ip_address": true,
            "availability_zone": "us-east-1a",
            "capacity_reservation_specification": [
              {
                "capacity_reservation_preference": "open",
                "capacity_reservation_target": []
              }
            ],
            "cpu_options": [
              {
                "amd_sev_snp": "",
                "core_count": 1,
                "threads_per_core": 1
              }
            ],
            "credit_specification": [
              {
                "cpu_credits": "standard"
              }
            ],
            "disable_api_stop": false,
            "disable_api_termination": false,
            "ebs_block_device": [],
            "ebs_optimized": false,
            "enable_primary_ipv6": null,
            "enclave_options": [
              {
                "enabled": false
              }
            ],
            "ephemeral_block_device": [],
            "get_password_data": false,
            "hibernation": false,
            "host_id": "",
            "host_resource_group_arn": null,
            "iam_instance_profile": "",
            "id": "i-0e4dddae41481bb66",
            "instance_initiated_shutdown_behavior": "stop",
            "instance_lifecycle": "",
            "instance_market_options": [],
            "instance_state": "running",
            "instance_type": "t2.micro",
            "ipv6_address_count": 0,
            "ipv6_addresses": [],
            "key_name": "my-custom-ec2-key",
            "launch_template": [],
            "maintenance_options": [
              {
                "auto_recovery": "default"
              }
            ],
            "metadata_options": [
              {
                "http_endpoint": "enabled",
                "http_protocol_ipv6": "disabled",
                "http_put_response_hop_limit": 1,
                "http_tokens": "optional",
                "instance_metadata_tags": "disabled"
              }
            ],
            "monitoring": false,
            "network_interface": [],
            "outpost_arn": "",
            "password_data": "",
            "placement_group": "",
            "placement_partition_number": 0,
            "primary_network_interface_id": "eni-020d2c368b0eddfe6",
            "private_dns": "ip-10-0-1-50.ec2.internal",
            "private_dns_name_options": [
              {
                "enable_resource_name_dns_a_record": false,
                "enable_resource_name_dns_aaaa_record": false,
                "hostname_type": "ip-name"
              }
            ],
            "private_ip": "10.0.1.50",
            "public_dns": "ec2-3-81-208-121.compute-1.amazonaws.com",
            "public_ip": "3.81.208.121",
            "region": "us-east-1",
            "root_block_device": [
              {
                "delete_on_termination": true,
                "device_name": "/dev/xvda",
                "encrypted": false,
                "iops": 100,
                "kms_key_id": "",
                "tags": {},
                "tags_all": {},
                "throughput": 0,
                "volume_id": "vol-0d1963817e1b96ce6",
                "volume_size": 8,
                "volume_type": "gp2"
              }
            ],
            "secondary_private_ips": [],
            "security_groups": [],
            "source_dest_check": true,
            "spot_instance_request_id": "",
            "subnet_id": "subnet-0f4e11a52059ad77d",
            "tags": {
              "Name": "PublicWebServer"
            },
            "tags_all": {
              "Name": "PublicWebServer"
            },
            "tenancy": "default",
            "timeouts": null,
            "user_data": "#!/bin/bash\nsudo yum update -y\nsudo amazon-linux-extras install nginx1 -y\nsudo systemctl start nginx\nsudo systemctl enable nginx\necho \"\u003ch1\u003eHello from Public EC2 (NGINX)\u003c/h1\u003e\" | sudo tee /usr/share/nginx/html/index.html\n",
            "user_data_base64": null,
            "user_data_replace_on_change": false,
            "volume_tags": null,
            "vpc_security_group_ids": [
              "sg-0cfa589b2bbc96816"
            ]
          },
          "sensitive_attributes": [],
          "identity_schema_version": 0,
          "private": "eyJlMmJmYjczMC1lY2FhLTExZTYtOGY4OC0zNDM2M2JjN2M0YzAiOnsiY3JlYXRlIjo2MDAwMDAwMDAwMDAsImRlbGV0ZSI6MTIwMDAwMDAwMDAwMCwicmVhZCI6OTAwMDAwMDAwMDAwLCJ1cGRhdGUiOjYwMDAwMDAwMDAwMH0sInNjaGVtYV92ZXJzaW9uIjoiMiJ9",
          "dependencies": [
            "aws_key_pair.ec2_key_pair",
            "aws_security_group.public_ec2_sg",
            "aws_subnet.public_subnet",
            "aws_vpc.custom_vpc",
            "data.aws_ami.amazon_linux_2",
            "tls_private_key.ec2_ssh_key"
          ]
        }
      ]
    },
    {
      "mode": "managed",
      "type": "aws_internet_gateway",
      "name": "igw",
      "provider": "provider[\"registry.terraform.io/hashicorp/aws\"]",
      "instances": [
        {
          "schema_version": 0,
          "attributes": {
            "arn": "arn:aws:ec2:us-east-1:975050042636:internet-gateway/igw-0cca81a110c92dcfc",
            "id": "igw-0cca81a110c92dcfc",
            "owner_id": "975050042636",
            "region": "us-east-1",
            "tags": {
              "Name": "MyVPC_IGW"
            },
            "tags_all": {
              "Name": "MyVPC_IGW"
            },
            "timeouts": null,
            "vpc_id": "vpc-0286eb51f57405706"
          },
          "sensitive_attributes": [],
          "identity_schema_version": 0,
          "private": "eyJlMmJmYjczMC1lY2FhLTExZTYtOGY4OC0zNDM2M2JjN2M0YzAiOnsiY3JlYXRlIjoxMjAwMDAwMDAwMDAwLCJkZWxldGUiOjEyMDAwMDAwMDAwMDAsInVwZGF0ZSI6MTIwMDAwMDAwMDAwMH19",
          "dependencies": [
            "aws_vpc.custom_vpc"
          ]
        }
      ]
    },
    {
      "mode": "managed",
      "type": "aws_key_pair",
      "name": "ec2_key_pair",
      "provider": "provider[\"registry.terraform.io/hashicorp/aws\"]",
      "instances": [
        {
          "schema_version": 1,
          "attributes": {
            "arn": "arn:aws:ec2:us-east-1:975050042636:key-pair/my-custom-ec2-key",
            "fingerprint": "09:59:ef:9c:9a:cc:dd:1e:3b:4c:49:51:04:31:2a:5d",
            "id": "my-custom-ec2-key",
            "key_name": "my-custom-ec2-key",
            "key_name_prefix": "",
            "key_pair_id": "key-0d3152d51a0265df0",
            "key_type": "rsa",
            "public_key": "ssh-rsa AAAAB3NzaC1yc2EAAAADAQABAAACAQCqwDDFlkb2TgetLKCJNK9iKHFceCpNMrJyeSpFMaBoxTbfRjo7V3Vk/UHyihNMlpf6J8rE3F2m5AyEjLCTbWbwMUSWOya+UrrkynKvGmp+CP9ODpDDiYF3tVbFRKaYIbK5JsSuSkvS1RG2rSXiMQ17hntkIDZV0h7/Qf6TYfq+QLy9cgH/9IX0YIS3vbYW4xolsOG8hnXVCi5VAb7RyW30Ixz6rtUU9TfUHcP9KSdaI2JmBxlmtH3768l63ui6XlduETpAcqPm8/usuVAHAd1lMNQgMlCKDwMEMW8Zh2+GLKCVHjtgZhrSkqvk7rhO2NhpLpnN78JBD3G8f2netT9cv5Y3RximXdJwT71gOECBKV2wUz1hn6zkdSSuyAQIaOlboBQ2+OnTeyk8loHqRERBmGzmkfFnx5qP8h0ZCtdHs7QA48hlRCBM4ub8o13g4WPSK9ajfKXzBnVx07xL/i+pQQO502tjBY5/lw+XQFAlsj7irqOl//RqAmZuQlr6xROG9tw9POsj9szoR7jUh18acnqJ0pofcbyaQKWEcTJ/sPgV61KWnqzfhYh2GG271jPzmrHOdAbzZ494GCovjfw8g3e7jSwZnrry+15mLgXndOm0VgG1em2mZ789UOEKvfkyTas86AAkqugy9IsMQ5NtqnkwF3STWpyb3t6Wd9MdjQ==",
            "region": "us-east-1",
            "tags": null,
            "tags_all": {}
          },
          "sensitive_attributes": [],
          "identity_schema_version": 0,
          "private": "eyJzY2hlbWFfdmVyc2lvbiI6IjEifQ==",
          "dependencies": [
            "tls_private_key.ec2_ssh_key"
          ]
        }
      ]
    },
    {
      "mode": "managed",
      "type": "aws_nat_gateway",
      "name": "nat_gw",
      "provider": "provider[\"registry.terraform.io/hashicorp/aws\"]",
      "instances": [
        {
          "schema_version": 0,
          "attributes": {
            "allocation_id": "eipalloc-03b2178ce88fb76f6",
            "association_id": "eipassoc-0f62aae9b8a312557",
            "connectivity_type": "public",
            "id": "nat-0d09748213d3a81cc",
            "network_interface_id": "eni-0370d836d51d5659c",
            "private_ip": "10.0.1.47",
            "public_ip": "34.234.254.194",
            "region": "us-east-1",
            "secondary_allocation_ids": null,
            "secondary_private_ip_address_count": 0,
            "secondary_private_ip_addresses": [],
            "subnet_id": "subnet-0f4e11a52059ad77d",
            "tags": {
              "Name": "MyVPC_NATGW"
            },
            "tags_all": {
              "Name": "MyVPC_NATGW"
            },
            "timeouts": null
          },
          "sensitive_attributes": [],
          "identity_schema_version": 0,
          "private": "eyJlMmJmYjczMC1lY2FhLTExZTYtOGY4OC0zNDM2M2JjN2M0YzAiOnsiY3JlYXRlIjo2MDAwMDAwMDAwMDAsImRlbGV0ZSI6MTgwMDAwMDAwMDAwMCwidXBkYXRlIjo2MDAwMDAwMDAwMDB9fQ==",
          "dependencies": [
            "aws_eip.nat_gateway_eip",
            "aws_internet_gateway.igw",
            "aws_subnet.public_subnet",
            "aws_vpc.custom_vpc"
          ]
        }
      ]
    },
    {
      "mode": "managed",
      "type": "aws_route_table",
      "name": "private_route_table",
      "provider": "provider[\"registry.terraform.io/hashicorp/aws\"]",
      "instances": [
        {
          "schema_version": 0,
          "attributes": {
            "arn": "arn:aws:ec2:us-east-1:975050042636:route-table/rtb-02146c41c3422c0bd",
            "id": "rtb-02146c41c3422c0bd",
            "owner_id": "975050042636",
            "propagating_vgws": [],
            "region": "us-east-1",
            "route": [
              {
                "carrier_gateway_id": "",
                "cidr_block": "0.0.0.0/0",
                "core_network_arn": "",
                "destination_prefix_list_id": "",
                "egress_only_gateway_id": "",
                "gateway_id": "",
                "ipv6_cidr_block": "",
                "local_gateway_id": "",
                "nat_gateway_id": "nat-0d09748213d3a81cc",
                "network_interface_id": "",
                "transit_gateway_id": "",
                "vpc_endpoint_id": "",
                "vpc_peering_connection_id": ""
              }
            ],
            "tags": {
              "Name": "PrivateRouteTable"
            },
            "tags_all": {
              "Name": "PrivateRouteTable"
            },
            "timeouts": null,
            "vpc_id": "vpc-0286eb51f57405706"
          },
          "sensitive_attributes": [],
          "identity_schema_version": 0,
          "private": "eyJlMmJmYjczMC1lY2FhLTExZTYtOGY4OC0zNDM2M2JjN2M0YzAiOnsiY3JlYXRlIjozMDAwMDAwMDAwMDAsImRlbGV0ZSI6MzAwMDAwMDAwMDAwLCJ1cGRhdGUiOjEyMDAwMDAwMDAwMH19",
          "dependencies": [
            "aws_eip.nat_gateway_eip",
            "aws_internet_gateway.igw",
            "aws_nat_gateway.nat_gw",
            "aws_subnet.public_subnet",
            "aws_vpc.custom_vpc"
          ]
        }
      ]
    },
    {
      "mode": "managed",
      "type": "aws_route_table",
      "name": "public_route_table",
      "provider": "provider[\"registry.terraform.io/hashicorp/aws\"]",
      "instances": [
        {
          "schema_version": 0,
          "attributes": {
            "arn": "arn:aws:ec2:us-east-1:975050042636:route-table/rtb-08edd907d2e8d543d",
            "id": "rtb-08edd907d2e8d543d",
            "owner_id": "975050042636",
            "propagating_vgws": [],
            "region": "us-east-1",
            "route": [
              {
                "carrier_gateway_id": "",
                "cidr_block": "0.0.0.0/0",
                "core_network_arn": "",
                "destination_prefix_list_id": "",
                "egress_only_gateway_id": "",
                "gateway_id": "igw-0cca81a110c92dcfc",
                "ipv6_cidr_block": "",
                "local_gateway_id": "",
                "nat_gateway_id": "",
                "network_interface_id": "",
                "transit_gateway_id": "",
                "vpc_endpoint_id": "",
                "vpc_peering_connection_id": ""
              }
            ],
            "tags": {
              "Name": "PublicRouteTable"
            },
            "tags_all": {
              "Name": "PublicRouteTable"
            },
            "timeouts": null,
            "vpc_id": "vpc-0286eb51f57405706"
          },
          "sensitive_attributes": [],
          "identity_schema_version": 0,
          "private": "eyJlMmJmYjczMC1lY2FhLTExZTYtOGY4OC0zNDM2M2JjN2M0YzAiOnsiY3JlYXRlIjozMDAwMDAwMDAwMDAsImRlbGV0ZSI6MzAwMDAwMDAwMDAwLCJ1cGRhdGUiOjEyMDAwMDAwMDAwMH19",
          "dependencies": [
            "aws_internet_gateway.igw",
            "aws_vpc.custom_vpc"
          ]
        }
      ]
    },
    {
      "mode": "managed",
      "type": "aws_route_table_association",
      "name": "private_subnet_association",
      "provider": "provider[\"registry.terraform.io/hashicorp/aws\"]",
      "instances": [
        {
          "schema_version": 0,
          "attributes": {
            "gateway_id": "",
            "id": "rtbassoc-0288936ac6d0b88cf",
            "region": "us-east-1",
            "route_table_id": "rtb-02146c41c3422c0bd",
            "subnet_id": "subnet-0920b44fe2366a3fd",
            "timeouts": null
          },
          "sensitive_attributes": [],
          "identity_schema_version": 0,
          "private": "eyJlMmJmYjczMC1lY2FhLTExZTYtOGY4OC0zNDM2M2JjN2M0YzAiOnsiY3JlYXRlIjozMDAwMDAwMDAwMDAsImRlbGV0ZSI6MzAwMDAwMDAwMDAwLCJ1cGRhdGUiOjEyMDAwMDAwMDAwMH19",
          "dependencies": [
            "aws_eip.nat_gateway_eip",
            "aws_internet_gateway.igw",
            "aws_nat_gateway.nat_gw",
            "aws_route_table.private_route_table",
            "aws_subnet.private_subnet",
            "aws_subnet.public_subnet",
            "aws_vpc.custom_vpc"
          ]
        }
      ]
    },
    {
      "mode": "managed",
      "type": "aws_route_table_association",
      "name": "public_subnet_association",
      "provider": "provider[\"registry.terraform.io/hashicorp/aws\"]",
      "instances": [
        {
          "schema_version": 0,
          "attributes": {
            "gateway_id": "",
            "id": "rtbassoc-0d796bad8180f619a",
            "region": "us-east-1",
            "route_table_id": "rtb-08edd907d2e8d543d",
            "subnet_id": "subnet-0f4e11a52059ad77d",
            "timeouts": null
          },
          "sensitive_attributes": [],
          "identity_schema_version": 0,
          "private": "eyJlMmJmYjczMC1lY2FhLTExZTYtOGY4OC0zNDM2M2JjN2M0YzAiOnsiY3JlYXRlIjozMDAwMDAwMDAwMDAsImRlbGV0ZSI6MzAwMDAwMDAwMDAwLCJ1cGRhdGUiOjEyMDAwMDAwMDAwMH19",
          "dependencies": [
            "aws_internet_gateway.igw",
            "aws_route_table.public_route_table",
            "aws_subnet.public_subnet",
            "aws_vpc.custom_vpc"
          ]
        }
      ]
    },
    {
      "mode": "managed",
      "type": "aws_security_group",
      "name": "private_ec2_sg",
      "provider": "provider[\"registry.terraform.io/hashicorp/aws\"]",
      "instances": [
        {
          "schema_version": 1,
          "attributes": {
            "arn": "arn:aws:ec2:us-east-1:975050042636:security-group/sg-0cfdfbbf12b1c51fc",
            "description": "Allow SSH from public EC2 and all traffic within VPC",
            "egress": [
              {
                "cidr_blocks": [
                  "0.0.0.0/0"
                ],
                "description": "",
                "from_port": 0,
                "ipv6_cidr_blocks": [],
                "prefix_list_ids": [],
                "protocol": "-1",
                "security_groups": [],
                "self": false,
                "to_port": 0
              }
            ],
            "id": "sg-0cfdfbbf12b1c51fc",
            "ingress": [
              {
                "cidr_blocks": [
                  "10.0.0.0/16"
                ],
                "description": "Allow all traffic from within the VPC",
                "from_port": 0,
                "ipv6_cidr_blocks": [],
                "prefix_list_ids": [],
                "protocol": "-1",
                "security_groups": [],
                "self": false,
                "to_port": 0
              },
              {
                "cidr_blocks": [],
                "description": "Allow SSH from Public EC2 Security Group",
                "from_port": 22,
                "ipv6_cidr_blocks": [],
                "prefix_list_ids": [],
                "protocol": "tcp",
                "security_groups": [
                  "sg-0cfa589b2bbc96816"
                ],
                "self": false,
                "to_port": 22
              }
            ],
            "name": "private_ec2_sg",
            "name_prefix": "",
            "owner_id": "975050042636",
            "region": "us-east-1",
            "revoke_rules_on_delete": false,
            "tags": {
              "Name": "PrivateEC2SG"
            },
            "tags_all": {
              "Name": "PrivateEC2SG"
            },
            "timeouts": null,
            "vpc_id": "vpc-0286eb51f57405706"
          },
          "sensitive_attributes": [],
          "identity_schema_version": 0,
          "private": "eyJlMmJmYjczMC1lY2FhLTExZTYtOGY4OC0zNDM2M2JjN2M0YzAiOnsiY3JlYXRlIjo2MDAwMDAwMDAwMDAsImRlbGV0ZSI6OTAwMDAwMDAwMDAwfSwic2NoZW1hX3ZlcnNpb24iOiIxIn0=",
          "dependencies": [
            "aws_security_group.public_ec2_sg",
            "aws_vpc.custom_vpc"
          ]
        }
      ]
    },
    {
      "mode": "managed",
      "type": "aws_security_group",
      "name": "public_ec2_sg",
      "provider": "provider[\"registry.terraform.io/hashicorp/aws\"]",
      "instances": [
        {
          "schema_version": 1,
          "attributes": {
            "arn": "arn:aws:ec2:us-east-1:975050042636:security-group/sg-0cfa589b2bbc96816",
            "description": "Allow SSH and HTTP access to public EC2",
            "egress": [
              {
                "cidr_blocks": [
                  "0.0.0.0/0"
                ],
                "description": "",
                "from_port": 0,
                "ipv6_cidr_blocks": [],
                "prefix_list_ids": [],
                "protocol": "-1",
                "security_groups": [],
                "self": false,
                "to_port": 0
              }
            ],
            "id": "sg-0cfa589b2bbc96816",
            "ingress": [
              {
                "cidr_blocks": [
                  "0.0.0.0/0"
                ],
                "description": "Allow HTTP from anywhere",
                "from_port": 80,
                "ipv6_cidr_blocks": [],
                "prefix_list_ids": [],
                "protocol": "tcp",
                "security_groups": [],
                "self": false,
                "to_port": 80
              },
              {
                "cidr_blocks": [
                  "0.0.0.0/0"
                ],
                "description": "Allow SSH from anywhere",
                "from_port": 22,
                "ipv6_cidr_blocks": [],
                "prefix_list_ids": [],
                "protocol": "tcp",
                "security_groups": [],
                "self": false,
                "to_port": 22
              }
            ],
            "name": "public_ec2_sg",
            "name_prefix": "",
            "owner_id": "975050042636",
            "region": "us-east-1",
            "revoke_rules_on_delete": false,
            "tags": {
              "Name": "PublicEC2SG"
            },
            "tags_all": {
              "Name": "PublicEC2SG"
            },
            "timeouts": null,
            "vpc_id": "vpc-0286eb51f57405706"
          },
          "sensitive_attributes": [],
          "identity_schema_version": 0,
          "private": "eyJlMmJmYjczMC1lY2FhLTExZTYtOGY4OC0zNDM2M2JjN2M0YzAiOnsiY3JlYXRlIjo2MDAwMDAwMDAwMDAsImRlbGV0ZSI6OTAwMDAwMDAwMDAwfSwic2NoZW1hX3ZlcnNpb24iOiIxIn0=",
          "dependencies": [
            "aws_vpc.custom_vpc"
          ]
        }
      ]
    },
    {
      "mode": "managed",
      "type": "aws_subnet",
      "name": "private_subnet",
      "provider": "provider[\"registry.terraform.io/hashicorp/aws\"]",
      "instances": [
        {
          "schema_version": 1,
          "attributes": {
            "arn": "arn:aws:ec2:us-east-1:975050042636:subnet/subnet-0920b44fe2366a3fd",
            "assign_ipv6_address_on_creation": false,
            "availability_zone": "us-east-1a",
            "availability_zone_id": "use1-az6",
            "cidr_block": "10.0.2.0/24",
            "customer_owned_ipv4_pool": "",
            "enable_dns64": false,
            "enable_lni_at_device_index": 0,
            "enable_resource_name_dns_a_record_on_launch": false,
            "enable_resource_name_dns_aaaa_record_on_launch": false,
            "id": "subnet-0920b44fe2366a3fd",
            "ipv6_cidr_block": "",
            "ipv6_cidr_block_association_id": "",
            "ipv6_native": false,
            "map_customer_owned_ip_on_launch": false,
            "map_public_ip_on_launch": false,
            "outpost_arn": "",
            "owner_id": "975050042636",
            "private_dns_hostname_type_on_launch": "ip-name",
            "region": "us-east-1",
            "tags": {
              "Name": "PrivateSubnet"
            },
            "tags_all": {
              "Name": "PrivateSubnet"
            },
            "timeouts": null,
            "vpc_id": "vpc-0286eb51f57405706"
          },
          "sensitive_attributes": [],
          "identity_schema_version": 0,
          "private": "eyJlMmJmYjczMC1lY2FhLTExZTYtOGY4OC0zNDM2M2JjN2M0YzAiOnsiY3JlYXRlIjo2MDAwMDAwMDAwMDAsImRlbGV0ZSI6MTIwMDAwMDAwMDAwMH0sInNjaGVtYV92ZXJzaW9uIjoiMSJ9",
          "dependencies": [
            "aws_vpc.custom_vpc"
          ]
        }
      ]
    },
    {
      "mode": "managed",
      "type": "aws_subnet",
      "name": "public_subnet",
      "provider": "provider[\"registry.terraform.io/hashicorp/aws\"]",
      "instances": [
        {
          "schema_version": 1,
          "attributes": {
            "arn": "arn:aws:ec2:us-east-1:975050042636:subnet/subnet-0f4e11a52059ad77d",
            "assign_ipv6_address_on_creation": false,
            "availability_zone": "us-east-1a",
            "availability_zone_id": "use1-az6",
            "cidr_block": "10.0.1.0/24",
            "customer_owned_ipv4_pool": "",
            "enable_dns64": false,
            "enable_lni_at_device_index": 0,
            "enable_resource_name_dns_a_record_on_launch": false,
            "enable_resource_name_dns_aaaa_record_on_launch": false,
            "id": "subnet-0f4e11a52059ad77d",
            "ipv6_cidr_block": "",
            "ipv6_cidr_block_association_id": "",
            "ipv6_native": false,
            "map_customer_owned_ip_on_launch": false,
            "map_public_ip_on_launch": true,
            "outpost_arn": "",
            "owner_id": "975050042636",
            "private_dns_hostname_type_on_launch": "ip-name",
            "region": "us-east-1",
            "tags": {
              "Name": "PublicSubnet"
            },
            "tags_all": {
              "Name": "PublicSubnet"
            },
            "timeouts": null,
            "vpc_id": "vpc-0286eb51f57405706"
          },
          "sensitive_attributes": [],
          "identity_schema_version": 0,
          "private": "eyJlMmJmYjczMC1lY2FhLTExZTYtOGY4OC0zNDM2M2JjN2M0YzAiOnsiY3JlYXRlIjo2MDAwMDAwMDAwMDAsImRlbGV0ZSI6MTIwMDAwMDAwMDAwMH0sInNjaGVtYV92ZXJzaW9uIjoiMSJ9",
          "dependencies": [
            "aws_vpc.custom_vpc"
          ]
        }
      ]
    },
    {
      "mode": "managed",
      "type": "aws_vpc",
      "name": "custom_vpc",
      "provider": "provider[\"registry.terraform.io/hashicorp/aws\"]",
      "instances": [
        {
          "schema_version": 1,
          "attributes": {
            "arn": "arn:aws:ec2:us-east-1:975050042636:vpc/vpc-0286eb51f57405706",
            "assign_generated_ipv6_cidr_block": false,
            "cidr_block": "10.0.0.0/16",
            "default_network_acl_id": "acl-088014ba4566832b7",
            "default_route_table_id": "rtb-04ba48456a552c6e2",
            "default_security_group_id": "sg-0ded377cc12ef9006",
            "dhcp_options_id": "dopt-0af3096c20a1c6645",
            "enable_dns_hostnames": true,
            "enable_dns_support": true,
            "enable_network_address_usage_metrics": false,
            "id": "vpc-0286eb51f57405706",
            "instance_tenancy": "default",
            "ipv4_ipam_pool_id": null,
            "ipv4_netmask_length": null,
            "ipv6_association_id": "",
            "ipv6_cidr_block": "",
            "ipv6_cidr_block_network_border_group": "",
            "ipv6_ipam_pool_id": "",
            "ipv6_netmask_length": 0,
            "main_route_table_id": "rtb-04ba48456a552c6e2",
            "owner_id": "975050042636",
            "region": "us-east-1",
            "tags": {
              "Name": "MyCustomVPC"
            },
            "tags_all": {
              "Name": "MyCustomVPC"
            }
          },
          "sensitive_attributes": [],
          "identity_schema_version": 0,
          "private": "eyJzY2hlbWFfdmVyc2lvbiI6IjEifQ=="
        }
      ]
    },
    {
      "mode": "managed",
      "type": "local_file",
      "name": "private_key_pem",
      "provider": "provider[\"registry.terraform.io/hashicorp/local\"]",
      "instances": [
        {
          "schema_version": 0,
          "attributes": {
            "content": "-----BEGIN RSA PRIVATE KEY-----\nMIIJKAIBAAKCAgEAqsAwxZZG9k4HrSygiTSvYihxXHgqTTKycnkqRTGgaMU230Y6\nO1d1ZP1B8ooTTJaX+ifKxNxdpuQMhIywk21m8DFEljsmvlK65Mpyrxpqfgj/Tg6Q\nw4mBd7VWxUSmmCGyuSbErkpL0tURtq0l4jENe4Z7ZCA2VdIe/0H+k2H6vkC8vXIB\n//SF9GCEt722FuMaJbDhvIZ11QouVQG+0clt9CMc+q7VFPU31B3D/SknWiNiZgcZ\nZrR9++vJet7oul5XbhE6QHKj5vP7rLlQBwHdZTDUIDJQig8DBDFvGYdvhiyglR47\nYGYa0pKr5O64TtjYaS6Zze/CQQ9xvH9p3rU/XL+WN0cYpl3ScE+9YDhAgSldsFM9\nYZ+s5HUkrsgECGjpW6AUNvjp03spPJaB6kREQZhs5pHxZ8eaj/IdGQrXR7O0AOPI\nZUQgTOLm/KNd4OFj0ivWo3yl8wZ1cdO8S/4vqUEDudNrYwWOf5cPl0BQJbI+4q6j\npf/0agJmbkJa+sUThvbcPTzrI/bM6Ee41IdfGnJ6idKaH3G8mkClhHEyf7D4FetS\nlp6s34WIdhhtu9Yz85qxznQG82ePeBgqL438PIN3u40sGZ668vteZi4F53TptFYB\ntXptpme/PVDhCr35Mk2rPOgAJKroMvSLDEOTbap5MBd0k1qcm97elnfTHY0CAwEA\nAQKCAgBFNcmPDS6OP2qVIvWfJ5+/Ja1tUbezuszh4YLksQzX6rgnIAwSaYzH9m94\no8bW0GOhnedui/PZ5a29PFmGKF4FFbM7QZaepmHiwrxhhU+M7pCtTvIWj/HOV85n\n/z+XgnEy4yftjWfWeU7IwL4ORNu2KfhxySy89IJj7JgHnTtJSmw2TbPJz49MUqL4\n5wiblknO5TdadxXj2FCXXDHATukmf+ULJzpvWEXc0IPUZY3x103XFSGSo649IoF0\nME4c3IiLsKfv34fX4SUuCZ8KeBMJJRWWR06l5xfN50ulCWSG+ifMyYg/tqNAnvrV\nvH0wWGy/lYf6FSijvmLXiL2c69JWWDID54yQvqT2CjEVdi86RMK5WIbBga2gLUKy\nrbTJBXcmIqXWiw3tj4d76dgD3hg+P9V8QcuARHy2vx9T80MnSPlJSqIVYmQ0wZ8n\nCD/haofELRWj94ZXxIjCA2AKCl8ffM92fD3LOn7EMMZb7hA/v5G9vssiNjwi4MCx\ngNXPYpij6+Jt7broG75bGo/vYeGJdzIElHMHAgyF+gJ5sXRI7sGJyDUQyisHifip\nsPNGbAvJFeTBpzMbVKiaVYFsLlD3A1U207aV9tARToMmPkmobjRAfDRKdt6jUuDc\nltKyGjZzoqMRXFhluIOCaJ9Ga4ng6voms4HlPjkq18/QxtNXcQKCAQEA1zoQWMQe\nGSMFuGMVBK3FVC9qZMsATPG5xgHBmyR9CJZxqgBCke+4MCLNco9o3srnF4ULJhmT\nATeM3BNd3IhBRvzt+t43lTb2A8NpGEY31wpufgRI8q9kzM1Gfzsdix8DQ4UHgWNN\nszx2p/RHqHIjkcaXBbwTnPb67elT8z8zxPj6+e+XwisrixpykBD5k0njseZgd+XU\npellUW3GlckN9ZbB4R1pOqz9/2z1G6TxIKERO+hfezNDgmBH9v3QV8K/3Wz4AcYz\nAqekOeNLzLXSZbK4DtfLnHOi5ixAMnQd3XG8g3M0k/dxFkSR8OSH6K71yIy9I7Cz\nVVognqD1K+DekwKCAQEAyxknasKL8CHSS2u4kgKYytcYTB5TNdQDOKZC8Q0e9Nlp\nxTzEF62owG77mRi6ntU/54YssDEW4rXcJ11j4eA2YK65v4UQ2C53AN6lPikHk5Hz\nzaUqMB+ANFUIyhiWAX19vw59Kj82bo6lSnEc5eMx49uBqTRZvvGgmy5TnaNjdujf\nSTpD81I+cAeCPJ5QqazyXD4CDLmAXjyFUm/e+IkRy1C/TaPXFo65k/ugqJ+0jOwm\nxwrkn0WI4vL8Lz7vnd7FCiZruOj84I5uG/z3Ig5K39UL7Jskn3qg7Fn7FC2ybc3B\nLhw9OOriNyW9gBGJYLXb3my40xIBZv7HuLerLZuHXwKCAQEApEZXT8lxR7JpnVFT\nK50O7rC6PnCLrC8coruYcLgrDzD1VNKZ/RXBukv2ECjR3Kt2M4eC+POwNs+VnizS\nCY+ec3Z+lmqidivbHwg54SNHX8VAjMLsgv/IqmFMG7SdWiCztweEsQeAuPu/fXaA\nc1ubNpsjjmb9eWMyKAFd6F4nP4Li3X44kSWuOKBZLQkn1XoiZxj2LM2pv3EjukFV\nv+IT243UMeTm+rgrrpgVhaIhwcvugZFdv4VjU9H1W9pi+XlWRMX1jjUfnjkiqmSI\n6JknHCSLRBkF+kZw4cqIvXnPicRUJOj8CqxlDqAL3Jgx/DH+u7Jgcytd1hnSqAEm\n4PTkLQKCAQBWLgFE0vKQXbmfWUFDa6isAaOEwSVr5N/NDPfA02F8Yjj4gbVvmrfN\nmApYx16BAVoRgyS5Sss8PhEB/yXf9cT9N4cIFo20PdsvWkph2wUlADyk2V3Sd7tt\n+Vs2bkJQtZBDHwHLiHEvboYC1YZ+oe5MkpstUlJ2rI8K6hh+/pK5JU2CBCBLQm3O\nGdGQqVju9r0MmR9DiP9IfYPRHDlP2tHbJRNX/ZrKLpveiFp+0u3JEnfN4/hpARd5\nvcN2xMzmf1261dzF5M9Q9f8RD0FKiSgKXJuntZlPtrhMMk5RHKbm4vUC/OaZnUmK\nPxBvJIHXsLNwaU/v+Gbx7lCPOBiBzMofAoIBACuMgYjDPEAhvFyK1JBsfyRIF5aN\nurMy+x523KewCdmNWXJ0rjJUm8dwRSCWcK7DuOikjmyn7DRBSarYHMWKeFWGPbi4\n+6+n30VjOjAGyDASV34WNf98nkBwsFL/92tJN35cOWGM2o0WhyKvqnNHFGLzlypR\nOJXLV4MrId7sprZdb1ymBQtqiqTSOxDv4bMofawmpA/GtTXpWo0bupUE5PRYrilO\nABFTZO6B1PYa+PjjUwVKXi5+TouNiYXAIdN/NxxG1KwV4k2i1ai5f7SXhLTchGcG\n8ivdcZwlYfTVBFp0bdGK7uWweKFyvy0JWKf1gd7p2R8Cw/1LuQXQkQotp34=\n-----END RSA PRIVATE KEY-----\n",
            "content_base64": null,
            "content_base64sha256": "2Uh8W8RTtnzj4KxCjjW6uH6W8xjDiF9ONoNlaQa/NJ0=",
            "content_base64sha512": "eTymV/rz7x9v6HS8Zv46iI1Xu0rnsWl8DYjvEUut148MUt4fqYdF+/xhRl2IK+lcKaEo9oN2iBHhpf5WessQNw==",
            "content_md5": "10f6f8a197701c573d8f17174593374e",
            "content_sha1": "2f67ac0c7f3e2e67969257318034977870d9de55",
            "content_sha256": "d9487c5bc453b67ce3e0ac428e35bab87e96f318c3885f4e3683656906bf349d",
            "content_sha512": "793ca657faf3ef1f6fe874bc66fe3a888d57bb4ae7b1697c0d88ef114badd78f0c52de1fa98745fbfc61465d882be95c29a128f683768811e1a5fe567acb1037",
            "directory_permission": "0777",
            "file_permission": "0600",
            "filename": "./my-custom-ec2-key.pem",
            "id": "2f67ac0c7f3e2e67969257318034977870d9de55",
            "sensitive_content": null,
            "source": null
          },
          "sensitive_attributes": [
            [
              {
                "type": "get_attr",
                "value": "content"
              }
            ],
            [
              {
                "type": "get_attr",
                "value": "sensitive_content"
              }
            ]
          ],
          "identity_schema_version": 0,
          "dependencies": [
            "tls_private_key.ec2_ssh_key"
          ]
        }
      ]
    },
    {
      "mode": "managed",
      "type": "tls_private_key",
      "name": "ec2_ssh_key",
      "provider": "provider[\"registry.terraform.io/hashicorp/tls\"]",
      "instances": [
        {
          "schema_version": 1,
          "attributes": {
            "algorithm": "RSA",
            "ecdsa_curve": "P224",
            "id": "70e735b32516b5edb0f36c53857109216179842e",
            "private_key_openssh": "-----BEGIN OPENSSH PRIVATE KEY-----\nb3BlbnNzaC1rZXktdjEAAAAABG5vbmUAAAAEbm9uZQAAAAAAAAABAAACFwAAAAdz\nc2gtcnNhAAAAAwEAAQAAAgEAqsAwxZZG9k4HrSygiTSvYihxXHgqTTKycnkqRTGg\naMU230Y6O1d1ZP1B8ooTTJaX+ifKxNxdpuQMhIywk21m8DFEljsmvlK65Mpyrxpq\nfgj/Tg6Qw4mBd7VWxUSmmCGyuSbErkpL0tURtq0l4jENe4Z7ZCA2VdIe/0H+k2H6\nvkC8vXIB//SF9GCEt722FuMaJbDhvIZ11QouVQG+0clt9CMc+q7VFPU31B3D/Skn\nWiNiZgcZZrR9++vJet7oul5XbhE6QHKj5vP7rLlQBwHdZTDUIDJQig8DBDFvGYdv\nhiyglR47YGYa0pKr5O64TtjYaS6Zze/CQQ9xvH9p3rU/XL+WN0cYpl3ScE+9YDhA\ngSldsFM9YZ+s5HUkrsgECGjpW6AUNvjp03spPJaB6kREQZhs5pHxZ8eaj/IdGQrX\nR7O0AOPIZUQgTOLm/KNd4OFj0ivWo3yl8wZ1cdO8S/4vqUEDudNrYwWOf5cPl0BQ\nJbI+4q6jpf/0agJmbkJa+sUThvbcPTzrI/bM6Ee41IdfGnJ6idKaH3G8mkClhHEy\nf7D4FetSlp6s34WIdhhtu9Yz85qxznQG82ePeBgqL438PIN3u40sGZ668vteZi4F\n53TptFYBtXptpme/PVDhCr35Mk2rPOgAJKroMvSLDEOTbap5MBd0k1qcm97elnfT\nHY0AAAc4O1aPiTtWj4kAAAAHc3NoLXJzYQAAAgEAqsAwxZZG9k4HrSygiTSvYihx\nXHgqTTKycnkqRTGgaMU230Y6O1d1ZP1B8ooTTJaX+ifKxNxdpuQMhIywk21m8DFE\nljsmvlK65Mpyrxpqfgj/Tg6Qw4mBd7VWxUSmmCGyuSbErkpL0tURtq0l4jENe4Z7\nZCA2VdIe/0H+k2H6vkC8vXIB//SF9GCEt722FuMaJbDhvIZ11QouVQG+0clt9CMc\n+q7VFPU31B3D/SknWiNiZgcZZrR9++vJet7oul5XbhE6QHKj5vP7rLlQBwHdZTDU\nIDJQig8DBDFvGYdvhiyglR47YGYa0pKr5O64TtjYaS6Zze/CQQ9xvH9p3rU/XL+W\nN0cYpl3ScE+9YDhAgSldsFM9YZ+s5HUkrsgECGjpW6AUNvjp03spPJaB6kREQZhs\n5pHxZ8eaj/IdGQrXR7O0AOPIZUQgTOLm/KNd4OFj0ivWo3yl8wZ1cdO8S/4vqUED\nudNrYwWOf5cPl0BQJbI+4q6jpf/0agJmbkJa+sUThvbcPTzrI/bM6Ee41IdfGnJ6\nidKaH3G8mkClhHEyf7D4FetSlp6s34WIdhhtu9Yz85qxznQG82ePeBgqL438PIN3\nu40sGZ668vteZi4F53TptFYBtXptpme/PVDhCr35Mk2rPOgAJKroMvSLDEOTbap5\nMBd0k1qcm97elnfTHY0AAAADAQABAAACAEU1yY8NLo4/apUi9Z8nn78lrW1Rt7O6\nzOHhguSxDNfquCcgDBJpjMf2b3ijxtbQY6Gd526L89nlrb08WYYoXgUVsztBlp6m\nYeLCvGGFT4zukK1O8haP8c5Xzmf/P5eCcTLjJ+2NZ9Z5TsjAvg5E27Yp+HHJLLz0\ngmPsmAedO0lKbDZNs8nPj0xSovjnCJuWSc7lN1p3FePYUJdcMcBO6SZ/5QsnOm9Y\nRdzQg9RljfHXTdcVIZKjrj0igXQwThzciIuwp+/fh9fhJS4Jnwp4EwklFZZHTqXn\nF83nS6UJZIb6J8zJiD+2o0Ce+tW8fTBYbL+Vh/oVKKO+YteIvZzr0lZYMgPnjJC+\npPYKMRV2LzpEwrlYhsGBraAtQrKttMkFdyYipdaLDe2Ph3vp2APeGD4/1XxBy4BE\nfLa/H1PzQydI+UlKohViZDTBnycIP+Fqh8QtFaP3hlfEiMIDYAoKXx98z3Z8Pcs6\nfsQwxlvuED+/kb2+yyI2PCLgwLGA1c9imKPr4m3tuugbvlsaj+9h4Yl3MgSUcwcC\nDIX6AnmxdEjuwYnINRDKKweJ+Kmw80ZsC8kV5MGnMxtUqJpVgWwuUPcDVTbTtpX2\n0BFOgyY+SahuNEB8NEp23qNS4NyW0rIaNnOioxFcWGW4g4Jon0ZrieDq+iazgeU+\nOSrXz9DG01dxAAABACuMgYjDPEAhvFyK1JBsfyRIF5aNurMy+x523KewCdmNWXJ0\nrjJUm8dwRSCWcK7DuOikjmyn7DRBSarYHMWKeFWGPbi4+6+n30VjOjAGyDASV34W\nNf98nkBwsFL/92tJN35cOWGM2o0WhyKvqnNHFGLzlypROJXLV4MrId7sprZdb1ym\nBQtqiqTSOxDv4bMofawmpA/GtTXpWo0bupUE5PRYrilOABFTZO6B1PYa+PjjUwVK\nXi5+TouNiYXAIdN/NxxG1KwV4k2i1ai5f7SXhLTchGcG8ivdcZwlYfTVBFp0bdGK\n7uWweKFyvy0JWKf1gd7p2R8Cw/1LuQXQkQotp34AAAEBANc6EFjEHhkjBbhjFQSt\nxVQvamTLAEzxucYBwZskfQiWcaoAQpHvuDAizXKPaN7K5xeFCyYZkwE3jNwTXdyI\nQUb87freN5U29gPDaRhGN9cKbn4ESPKvZMzNRn87HYsfA0OFB4FjTbM8dqf0R6hy\nI5HGlwW8E5z2+u3pU/M/M8T4+vnvl8IrK4sacpAQ+ZNJ47HmYHfl1KXpZVFtxpXJ\nDfWWweEdaTqs/f9s9Ruk8SChETvoX3szQ4JgR/b90FfCv91s+AHGMwKnpDnjS8y1\n0mWyuA7Xy5xzouYsQDJ0Hd1xvINzNJP3cRZEkfDkh+iu9ciMvSOws1VaIJ6g9Svg\n3pMAAAEBAMsZJ2rCi/Ah0ktruJICmMrXGEweUzXUAzimQvENHvTZacU8xBetqMBu\n+5kYup7VP+eGLLAxFuK13CddY+HgNmCuub+FENgudwDepT4pB5OR882lKjAfgDRV\nCMoYlgF9fb8OfSo/Nm6OpUpxHOXjMePbgak0Wb7xoJsuU52jY3bo30k6Q/NSPnAH\ngjyeUKms8lw+Agy5gF48hVJv3viJEctQv02j1xaOuZP7oKiftIzsJscK5J9FiOLy\n/C8+753exQoma7jo/OCObhv89yIOSt/VC+ybJJ96oOxZ+xQtsm3NwS4cPTjq4jcl\nvYARiWC1295suNMSAWb+x7i3qy2bh18AAAAAAQID\n-----END OPENSSH PRIVATE KEY-----\n",
            "private_key_pem": "-----BEGIN RSA PRIVATE KEY-----\nMIIJKAIBAAKCAgEAqsAwxZZG9k4HrSygiTSvYihxXHgqTTKycnkqRTGgaMU230Y6\nO1d1ZP1B8ooTTJaX+ifKxNxdpuQMhIywk21m8DFEljsmvlK65Mpyrxpqfgj/Tg6Q\nw4mBd7VWxUSmmCGyuSbErkpL0tURtq0l4jENe4Z7ZCA2VdIe/0H+k2H6vkC8vXIB\n//SF9GCEt722FuMaJbDhvIZ11QouVQG+0clt9CMc+q7VFPU31B3D/SknWiNiZgcZ\nZrR9++vJet7oul5XbhE6QHKj5vP7rLlQBwHdZTDUIDJQig8DBDFvGYdvhiyglR47\nYGYa0pKr5O64TtjYaS6Zze/CQQ9xvH9p3rU/XL+WN0cYpl3ScE+9YDhAgSldsFM9\nYZ+s5HUkrsgECGjpW6AUNvjp03spPJaB6kREQZhs5pHxZ8eaj/IdGQrXR7O0AOPI\nZUQgTOLm/KNd4OFj0ivWo3yl8wZ1cdO8S/4vqUEDudNrYwWOf5cPl0BQJbI+4q6j\npf/0agJmbkJa+sUThvbcPTzrI/bM6Ee41IdfGnJ6idKaH3G8mkClhHEyf7D4FetS\nlp6s34WIdhhtu9Yz85qxznQG82ePeBgqL438PIN3u40sGZ668vteZi4F53TptFYB\ntXptpme/PVDhCr35Mk2rPOgAJKroMvSLDEOTbap5MBd0k1qcm97elnfTHY0CAwEA\nAQKCAgBFNcmPDS6OP2qVIvWfJ5+/Ja1tUbezuszh4YLksQzX6rgnIAwSaYzH9m94\no8bW0GOhnedui/PZ5a29PFmGKF4FFbM7QZaepmHiwrxhhU+M7pCtTvIWj/HOV85n\n/z+XgnEy4yftjWfWeU7IwL4ORNu2KfhxySy89IJj7JgHnTtJSmw2TbPJz49MUqL4\n5wiblknO5TdadxXj2FCXXDHATukmf+ULJzpvWEXc0IPUZY3x103XFSGSo649IoF0\nME4c3IiLsKfv34fX4SUuCZ8KeBMJJRWWR06l5xfN50ulCWSG+ifMyYg/tqNAnvrV\nvH0wWGy/lYf6FSijvmLXiL2c69JWWDID54yQvqT2CjEVdi86RMK5WIbBga2gLUKy\nrbTJBXcmIqXWiw3tj4d76dgD3hg+P9V8QcuARHy2vx9T80MnSPlJSqIVYmQ0wZ8n\nCD/haofELRWj94ZXxIjCA2AKCl8ffM92fD3LOn7EMMZb7hA/v5G9vssiNjwi4MCx\ngNXPYpij6+Jt7broG75bGo/vYeGJdzIElHMHAgyF+gJ5sXRI7sGJyDUQyisHifip\nsPNGbAvJFeTBpzMbVKiaVYFsLlD3A1U207aV9tARToMmPkmobjRAfDRKdt6jUuDc\nltKyGjZzoqMRXFhluIOCaJ9Ga4ng6voms4HlPjkq18/QxtNXcQKCAQEA1zoQWMQe\nGSMFuGMVBK3FVC9qZMsATPG5xgHBmyR9CJZxqgBCke+4MCLNco9o3srnF4ULJhmT\nATeM3BNd3IhBRvzt+t43lTb2A8NpGEY31wpufgRI8q9kzM1Gfzsdix8DQ4UHgWNN\nszx2p/RHqHIjkcaXBbwTnPb67elT8z8zxPj6+e+XwisrixpykBD5k0njseZgd+XU\npellUW3GlckN9ZbB4R1pOqz9/2z1G6TxIKERO+hfezNDgmBH9v3QV8K/3Wz4AcYz\nAqekOeNLzLXSZbK4DtfLnHOi5ixAMnQd3XG8g3M0k/dxFkSR8OSH6K71yIy9I7Cz\nVVognqD1K+DekwKCAQEAyxknasKL8CHSS2u4kgKYytcYTB5TNdQDOKZC8Q0e9Nlp\nxTzEF62owG77mRi6ntU/54YssDEW4rXcJ11j4eA2YK65v4UQ2C53AN6lPikHk5Hz\nzaUqMB+ANFUIyhiWAX19vw59Kj82bo6lSnEc5eMx49uBqTRZvvGgmy5TnaNjdujf\nSTpD81I+cAeCPJ5QqazyXD4CDLmAXjyFUm/e+IkRy1C/TaPXFo65k/ugqJ+0jOwm\nxwrkn0WI4vL8Lz7vnd7FCiZruOj84I5uG/z3Ig5K39UL7Jskn3qg7Fn7FC2ybc3B\nLhw9OOriNyW9gBGJYLXb3my40xIBZv7HuLerLZuHXwKCAQEApEZXT8lxR7JpnVFT\nK50O7rC6PnCLrC8coruYcLgrDzD1VNKZ/RXBukv2ECjR3Kt2M4eC+POwNs+VnizS\nCY+ec3Z+lmqidivbHwg54SNHX8VAjMLsgv/IqmFMG7SdWiCztweEsQeAuPu/fXaA\nc1ubNpsjjmb9eWMyKAFd6F4nP4Li3X44kSWuOKBZLQkn1XoiZxj2LM2pv3EjukFV\nv+IT243UMeTm+rgrrpgVhaIhwcvugZFdv4VjU9H1W9pi+XlWRMX1jjUfnjkiqmSI\n6JknHCSLRBkF+kZw4cqIvXnPicRUJOj8CqxlDqAL3Jgx/DH+u7Jgcytd1hnSqAEm\n4PTkLQKCAQBWLgFE0vKQXbmfWUFDa6isAaOEwSVr5N/NDPfA02F8Yjj4gbVvmrfN\nmApYx16BAVoRgyS5Sss8PhEB/yXf9cT9N4cIFo20PdsvWkph2wUlADyk2V3Sd7tt\n+Vs2bkJQtZBDHwHLiHEvboYC1YZ+oe5MkpstUlJ2rI8K6hh+/pK5JU2CBCBLQm3O\nGdGQqVju9r0MmR9DiP9IfYPRHDlP2tHbJRNX/ZrKLpveiFp+0u3JEnfN4/hpARd5\nvcN2xMzmf1261dzF5M9Q9f8RD0FKiSgKXJuntZlPtrhMMk5RHKbm4vUC/OaZnUmK\nPxBvJIHXsLNwaU/v+Gbx7lCPOBiBzMofAoIBACuMgYjDPEAhvFyK1JBsfyRIF5aN\nurMy+x523KewCdmNWXJ0rjJUm8dwRSCWcK7DuOikjmyn7DRBSarYHMWKeFWGPbi4\n+6+n30VjOjAGyDASV34WNf98nkBwsFL/92tJN35cOWGM2o0WhyKvqnNHFGLzlypR\nOJXLV4MrId7sprZdb1ymBQtqiqTSOxDv4bMofawmpA/GtTXpWo0bupUE5PRYrilO\nABFTZO6B1PYa+PjjUwVKXi5+TouNiYXAIdN/NxxG1KwV4k2i1ai5f7SXhLTchGcG\n8ivdcZwlYfTVBFp0bdGK7uWweKFyvy0JWKf1gd7p2R8Cw/1LuQXQkQotp34=\n-----END RSA PRIVATE KEY-----\n",
            "private_key_pem_pkcs8": "-----BEGIN PRIVATE KEY-----\nMIIJQgIBADANBgkqhkiG9w0BAQEFAASCCSwwggkoAgEAAoICAQCqwDDFlkb2Tget\nLKCJNK9iKHFceCpNMrJyeSpFMaBoxTbfRjo7V3Vk/UHyihNMlpf6J8rE3F2m5AyE\njLCTbWbwMUSWOya+UrrkynKvGmp+CP9ODpDDiYF3tVbFRKaYIbK5JsSuSkvS1RG2\nrSXiMQ17hntkIDZV0h7/Qf6TYfq+QLy9cgH/9IX0YIS3vbYW4xolsOG8hnXVCi5V\nAb7RyW30Ixz6rtUU9TfUHcP9KSdaI2JmBxlmtH3768l63ui6XlduETpAcqPm8/us\nuVAHAd1lMNQgMlCKDwMEMW8Zh2+GLKCVHjtgZhrSkqvk7rhO2NhpLpnN78JBD3G8\nf2netT9cv5Y3RximXdJwT71gOECBKV2wUz1hn6zkdSSuyAQIaOlboBQ2+OnTeyk8\nloHqRERBmGzmkfFnx5qP8h0ZCtdHs7QA48hlRCBM4ub8o13g4WPSK9ajfKXzBnVx\n07xL/i+pQQO502tjBY5/lw+XQFAlsj7irqOl//RqAmZuQlr6xROG9tw9POsj9szo\nR7jUh18acnqJ0pofcbyaQKWEcTJ/sPgV61KWnqzfhYh2GG271jPzmrHOdAbzZ494\nGCovjfw8g3e7jSwZnrry+15mLgXndOm0VgG1em2mZ789UOEKvfkyTas86AAkqugy\n9IsMQ5NtqnkwF3STWpyb3t6Wd9MdjQIDAQABAoICAEU1yY8NLo4/apUi9Z8nn78l\nrW1Rt7O6zOHhguSxDNfquCcgDBJpjMf2b3ijxtbQY6Gd526L89nlrb08WYYoXgUV\nsztBlp6mYeLCvGGFT4zukK1O8haP8c5Xzmf/P5eCcTLjJ+2NZ9Z5TsjAvg5E27Yp\n+HHJLLz0gmPsmAedO0lKbDZNs8nPj0xSovjnCJuWSc7lN1p3FePYUJdcMcBO6SZ/\n5QsnOm9YRdzQg9RljfHXTdcVIZKjrj0igXQwThzciIuwp+/fh9fhJS4Jnwp4Ewkl\nFZZHTqXnF83nS6UJZIb6J8zJiD+2o0Ce+tW8fTBYbL+Vh/oVKKO+YteIvZzr0lZY\nMgPnjJC+pPYKMRV2LzpEwrlYhsGBraAtQrKttMkFdyYipdaLDe2Ph3vp2APeGD4/\n1XxBy4BEfLa/H1PzQydI+UlKohViZDTBnycIP+Fqh8QtFaP3hlfEiMIDYAoKXx98\nz3Z8Pcs6fsQwxlvuED+/kb2+yyI2PCLgwLGA1c9imKPr4m3tuugbvlsaj+9h4Yl3\nMgSUcwcCDIX6AnmxdEjuwYnINRDKKweJ+Kmw80ZsC8kV5MGnMxtUqJpVgWwuUPcD\nVTbTtpX20BFOgyY+SahuNEB8NEp23qNS4NyW0rIaNnOioxFcWGW4g4Jon0ZrieDq\n+iazgeU+OSrXz9DG01dxAoIBAQDXOhBYxB4ZIwW4YxUErcVUL2pkywBM8bnGAcGb\nJH0IlnGqAEKR77gwIs1yj2jeyucXhQsmGZMBN4zcE13ciEFG/O363jeVNvYDw2kY\nRjfXCm5+BEjyr2TMzUZ/Ox2LHwNDhQeBY02zPHan9EeociORxpcFvBOc9vrt6VPz\nPzPE+Pr575fCKyuLGnKQEPmTSeOx5mB35dSl6WVRbcaVyQ31lsHhHWk6rP3/bPUb\npPEgoRE76F97M0OCYEf2/dBXwr/dbPgBxjMCp6Q540vMtdJlsrgO18ucc6LmLEAy\ndB3dcbyDczST93EWRJHw5IforvXIjL0jsLNVWiCeoPUr4N6TAoIBAQDLGSdqwovw\nIdJLa7iSApjK1xhMHlM11AM4pkLxDR702WnFPMQXrajAbvuZGLqe1T/nhiywMRbi\ntdwnXWPh4DZgrrm/hRDYLncA3qU+KQeTkfPNpSowH4A0VQjKGJYBfX2/Dn0qPzZu\njqVKcRzl4zHj24GpNFm+8aCbLlOdo2N26N9JOkPzUj5wB4I8nlCprPJcPgIMuYBe\nPIVSb974iRHLUL9No9cWjrmT+6Con7SM7CbHCuSfRYji8vwvPu+d3sUKJmu46Pzg\njm4b/PciDkrf1QvsmySfeqDsWfsULbJtzcEuHD046uI3Jb2AEYlgtdvebLjTEgFm\n/se4t6stm4dfAoIBAQCkRldPyXFHsmmdUVMrnQ7usLo+cIusLxyiu5hwuCsPMPVU\n0pn9FcG6S/YQKNHcq3Yzh4L487A2z5WeLNIJj55zdn6WaqJ2K9sfCDnhI0dfxUCM\nwuyC/8iqYUwbtJ1aILO3B4SxB4C4+799doBzW5s2myOOZv15YzIoAV3oXic/guLd\nfjiRJa44oFktCSfVeiJnGPYszam/cSO6QVW/4hPbjdQx5Ob6uCuumBWFoiHBy+6B\nkV2/hWNT0fVb2mL5eVZExfWONR+eOSKqZIjomSccJItEGQX6RnDhyoi9ec+JxFQk\n6PwKrGUOoAvcmDH8Mf67smBzK13WGdKoASbg9OQtAoIBAFYuAUTS8pBduZ9ZQUNr\nqKwBo4TBJWvk380M98DTYXxiOPiBtW+at82YCljHXoEBWhGDJLlKyzw+EQH/Jd/1\nxP03hwgWjbQ92y9aSmHbBSUAPKTZXdJ3u235WzZuQlC1kEMfAcuIcS9uhgLVhn6h\n7kySmy1SUnasjwrqGH7+krklTYIEIEtCbc4Z0ZCpWO72vQyZH0OI/0h9g9EcOU/a\n0dslE1f9msoum96IWn7S7ckSd83j+GkBF3m9w3bEzOZ/XbrV3MXkz1D1/xEPQUqJ\nKApcm6e1mU+2uEwyTlEcpubi9QL85pmdSYo/EG8kgdews3BpT+/4ZvHuUI84GIHM\nyh8CggEAK4yBiMM8QCG8XIrUkGx/JEgXlo26szL7Hnbcp7AJ2Y1ZcnSuMlSbx3BF\nIJZwrsO46KSObKfsNEFJqtgcxYp4VYY9uLj7r6ffRWM6MAbIMBJXfhY1/3yeQHCw\nUv/3a0k3flw5YYzajRaHIq+qc0cUYvOXKlE4lctXgysh3uymtl1vXKYFC2qKpNI7\nEO/hsyh9rCakD8a1NelajRu6lQTk9FiuKU4AEVNk7oHU9hr4+ONTBUpeLn5Oi42J\nhcAh0383HEbUrBXiTaLVqLl/tJeEtNyEZwbyK91xnCVh9NUEWnRt0Yru5bB4oXK/\nLQlYp/WB3unZHwLD/Uu5BdCRCi2nfg==\n-----END PRIVATE KEY-----\n",
            "public_key_fingerprint_md5": "f6:95:eb:1b:e0:7e:2e:9d:20:5b:71:90:73:ca:24:ad",
            "public_key_fingerprint_sha256": "SHA256:U0CQ0QPpscWVxmvVeg1yc7YzZggKt7CdXwbbjxi9G3k",
            "public_key_openssh": "ssh-rsa AAAAB3NzaC1yc2EAAAADAQABAAACAQCqwDDFlkb2TgetLKCJNK9iKHFceCpNMrJyeSpFMaBoxTbfRjo7V3Vk/UHyihNMlpf6J8rE3F2m5AyEjLCTbWbwMUSWOya+UrrkynKvGmp+CP9ODpDDiYF3tVbFRKaYIbK5JsSuSkvS1RG2rSXiMQ17hntkIDZV0h7/Qf6TYfq+QLy9cgH/9IX0YIS3vbYW4xolsOG8hnXVCi5VAb7RyW30Ixz6rtUU9TfUHcP9KSdaI2JmBxlmtH3768l63ui6XlduETpAcqPm8/usuVAHAd1lMNQgMlCKDwMEMW8Zh2+GLKCVHjtgZhrSkqvk7rhO2NhpLpnN78JBD3G8f2netT9cv5Y3RximXdJwT71gOECBKV2wUz1hn6zkdSSuyAQIaOlboBQ2+OnTeyk8loHqRERBmGzmkfFnx5qP8h0ZCtdHs7QA48hlRCBM4ub8o13g4WPSK9ajfKXzBnVx07xL/i+pQQO502tjBY5/lw+XQFAlsj7irqOl//RqAmZuQlr6xROG9tw9POsj9szoR7jUh18acnqJ0pofcbyaQKWEcTJ/sPgV61KWnqzfhYh2GG271jPzmrHOdAbzZ494GCovjfw8g3e7jSwZnrry+15mLgXndOm0VgG1em2mZ789UOEKvfkyTas86AAkqugy9IsMQ5NtqnkwF3STWpyb3t6Wd9MdjQ==\n",
            "public_key_pem": "-----BEGIN PUBLIC KEY-----\nMIICIjANBgkqhkiG9w0BAQEFAAOCAg8AMIICCgKCAgEAqsAwxZZG9k4HrSygiTSv\nYihxXHgqTTKycnkqRTGgaMU230Y6O1d1ZP1B8ooTTJaX+ifKxNxdpuQMhIywk21m\n8DFEljsmvlK65Mpyrxpqfgj/Tg6Qw4mBd7VWxUSmmCGyuSbErkpL0tURtq0l4jEN\ne4Z7ZCA2VdIe/0H+k2H6vkC8vXIB//SF9GCEt722FuMaJbDhvIZ11QouVQG+0clt\n9CMc+q7VFPU31B3D/SknWiNiZgcZZrR9++vJet7oul5XbhE6QHKj5vP7rLlQBwHd\nZTDUIDJQig8DBDFvGYdvhiyglR47YGYa0pKr5O64TtjYaS6Zze/CQQ9xvH9p3rU/\nXL+WN0cYpl3ScE+9YDhAgSldsFM9YZ+s5HUkrsgECGjpW6AUNvjp03spPJaB6kRE\nQZhs5pHxZ8eaj/IdGQrXR7O0AOPIZUQgTOLm/KNd4OFj0ivWo3yl8wZ1cdO8S/4v\nqUEDudNrYwWOf5cPl0BQJbI+4q6jpf/0agJmbkJa+sUThvbcPTzrI/bM6Ee41Idf\nGnJ6idKaH3G8mkClhHEyf7D4FetSlp6s34WIdhhtu9Yz85qxznQG82ePeBgqL438\nPIN3u40sGZ668vteZi4F53TptFYBtXptpme/PVDhCr35Mk2rPOgAJKroMvSLDEOT\nbap5MBd0k1qcm97elnfTHY0CAwEAAQ==\n-----END PUBLIC KEY-----\n",
            "rsa_bits": 4096
          },
          "sensitive_attributes": [
            [
              {
                "type": "get_attr",
                "value": "private_key_openssh"
              }
            ],
            [
              {
                "type": "get_attr",
                "value": "private_key_pem"
              }
            ],
            [
              {
                "type": "get_attr",
                "value": "private_key_pem_pkcs8"
              }
            ]
          ],
          "identity_schema_version": 0
        }
      ]
    }
  ],
  "check_results": null
}
